{
  "name": "akashusr",
  "lockfileVersion": 3,
  "requires": true,
  "packages": {
    "": {
      "dependencies": {
        "github-breakout": "github:cyprieng/github-breakout"
      }
    },
    "node_modules/github-breakout": {
      "version": "1.0.0",
      "resolved": "git+ssh://git@github.com/cyprieng/github-breakout.git#90be7fe2a0909a65dfae356079298bce401094e0",
      "license": "MIT"
    }
  }
}
